
Microsoft Visual Studio Solution File, Format Version 12.00
# Visual Studio Version 16
VisualStudioVersion = 16.0.31624.102
MinimumVisualStudioVersion = 10.0.40219.1
Project("{FAE04EC0-301F-11D3-BF4B-00C04F79EFBC}") = "Airline", "Airline\Airline.csproj", "{83BDEBC8-5C2E-402B-8968-7464851B0271}"
EndProject
Global
	GlobalSection(SolutionConfigurationPlatforms) = preSolution
		Debug|Any CPU = Debug|Any CPU
		Release|Any CPU = Release|Any CPU
	EndGlobalSection
	GlobalSection(ProjectConfigurationPlatforms) = postSolution
		{83BDEBC8-5C2E-402B-8968-7464851B0271}.Debug|Any CPU.ActiveCfg = Debug|Any CPU
		{83BDEBC8-5C2E-402B-8968-7464851B0271}.Debug|Any CPU.Build.0 = Debug|Any CPU
		{83BDEBC8-5C2E-402B-8968-7464851B0271}.Release|Any CPU.ActiveCfg = Release|Any CPU
		{83BDEBC8-5C2E-402B-8968-7464851B0271}.Release|Any CPU.Build.0 = Release|Any CPU
	EndGlobalSection
	GlobalSection(SolutionProperties) = preSolution
		HideSolutionNode = FALSE
	EndGlobalSection
	GlobalSection(ExtensibilityGlobals) = postSolution
		SolutionGuid = {6D4E76CE-9244-4050-ADF1-1A187C8EC1A1}
	EndGlobalSection
EndGlobal
